// !$*UTF8*$!
{
	archiveVersion = 1;
	classes = {
	};
	objectVersion = 77;
	objects = {

/* Begin PBXBuildFile section */
		E1656E092F5D2D8400F8A597 /* CryptoSwift in Frameworks */ = {isa = PBXBuildFile; productRef = E1656E082F5D2D8400F8A597 /* CryptoSwift */; };
/* End PBXBuildFile section */

/* Begin PBXContainerItemProxy section */
		E1656DEB2F5D2C8D00F8A597 /* PBXContainerItemProxy */ = {
			isa = PBXContainerItemProxy;
			containerPortal = E1656DD52F5D2C8B00F8A597 /* Project object */;
			proxyType = 1;
			remoteGlobalIDString = E1656DDC2F5D2C8B00F8A597;
			remoteInfo = CloudProtect;
		};
		E1656DF52F5D2C8D00F8A597 /* PBXContainerItemProxy */ = {
			isa = PBXContainerItemProxy;
			containerPortal = E1656DD52F5D2C8B00F8A597 /* Project object */;
			proxyType = 1;
			remoteGlobalIDString = E1656DDC2F5D2C8B00F8A597;
			remoteInfo = CloudProtect;
		};
/* End PBXContainerItemProxy section */

/* Begin PBXFileReference section */
		E1656DDD2F5D2C8B00F8A597 /* CloudProtect.app */ = {isa = PBXFileReference; explicitFileType = wrapper.application; includeInIndex = 0; path = CloudProtect.app; sourceTree = BUILT_PRODUCTS_DIR; };
		E1656DEA2F5D2C8D00F8A597 /* CloudProtectTests.xctest */ = {isa = PBXFileReference; explicitFileType = wrapper.cfbundle; includeInIndex = 0; path = CloudProtectTests.xctest; sourceTree = BUILT_PRODUCTS_DIR; };
		E1656DF42F5D2C8D00F8A597 /* CloudProtectUITests.xctest */ = {isa = PBXFileReference; explicitFileType = wrapper.cfbundle; includeInIndex = 0; path = CloudProtectUITests.xctest; sourceTree = BUILT_PRODUCTS_DIR; };
/* End PBXFileReference section */

/* Begin PBXFileSystemSynchronizedRootGroup section */
		E1656DDF2F5D2C8B00F8A597 /* CloudProtect */ = {
			isa = PBXFileSystemSynchronizedRootGroup;
			path = CloudProtect;
			sourceTree = "<group>";
		};
		E1656DED2F5D2C8D00F8A597 /* CloudProtectTests */ = {
			isa = PBXFileSystemSynchronizedRootGroup;
			path = CloudProtectTests;
			sourceTree = "<group>";
		};
		E1656DF72F5D2C8D00F8A597 /* CloudProtectUITests */ = {
			isa = PBXFileSystemSynchronizedRootGroup;
			path = CloudProtectUITests;
			sourceTree = "<group>";
		};
/* End PBXFileSystemSynchronizedRootGroup section */

/* Begin PBXFrameworksBuildPhase section */
		E1656DDA2F5D2C8B00F8A597 /* Frameworks */ = {
			isa = PBXFrameworksBuildPhase;
			buildActionMask = 2147483647;
			files = (
				E1656E092F5D2D8400F8A597 /* CryptoSwift in Frameworks */,
			);
			runOnlyForDeploymentPostprocessing = 0;
		};
		E1656DE72F5D2C8D00F8A597 /* Frameworks */ = {
			isa = PBXFrameworksBuildPhase;
			buildActionMask = 2147483647;
			files = (
			);
			runOnlyForDeploymentPostprocessing = 0;
		};
		E1656DF12F5D2C8D00F8A597 /* Frameworks */ = {
			isa = PBXFrameworksBuildPhase;
			buildActionMask = 2147483647;
			files = (
			);
			runOnlyForDeploymentPostprocessing = 0;
		};
/* End PBXFrameworksBuildPhase section */

/* Begin PBXGroup section */
		E1656DD42F5D2C8B00F8A597 = {
			isa = PBXGroup;
			children = (
				E1656DDF2F5D2C8B00F8A597 /* CloudProtect */,
				E1656DED2F5D2C8D00F8A597 /* CloudProtectTests */,
				E1656DF72F5D2C8D00F8A597 /* CloudProtectUITests */,
				E1656DDE2F5D2C8B00F8A597 /* Products */,
			);
			sourceTree = "<group>";
		};
		E1656DDE2F5D2C8B00F8A597 /* Products */ = {
			isa = PBXGroup;
			children = (
				E1656DDD2F5D2C8B00F8A597 /* CloudProtect.app */,
				E1656DEA2F5D2C8D00F8A597 /* CloudProtectTests.xctest */,
				E1656DF42F5D2C8D00F8A597 /* CloudProtectUITests.xctest */,
			);
			name = Products;
			sourceTree = "<group>";
		};
/* End PBXGroup section */

/* Begin PBXNativeTarget section */
		E1656DDC2F5D2C8B00F8A597 /* CloudProtect */ = {
			isa = PBXNativeTarget;
			buildConfigurationList = E1656DFE2F5D2C8D00F8A597 /* Build configuration list for PBXNativeTarget "CloudProtect" */;
			buildPhases = (
				E1656DD92F5D2C8B00F8A597 /* Sources */,
				E1656DDA2F5D2C8B00F8A597 /* Frameworks */,
				E1656DDB2F5D2C8B00F8A597 /* Resources */,
			);
			buildRules = (
			);
			dependencies = (
			);
			fileSystemSynchronizedGroups = (
				E1656DDF2F5D2C8B00F8A597 /* CloudProtect */,
			);
			name = CloudProtect;
			packageProductDependencies = (
				E1656E082F5D2D8400F8A597 /* CryptoSwift */,
			);
			productName = CloudProtect;
			productReference = E1656DDD2F5D2C8B00F8A597 /* CloudProtect.app */;
			productType = "com.apple.product-type.application";
		};
		E1656DE92F5D2C8D00F8A597 /* CloudProtectTests */ = {
			isa = PBXNativeTarget;
			buildConfigurationList = E1656E012F5D2C8D00F8A597 /* Build configuration list for PBXNativeTarget "CloudProtectTests" */;
			buildPhases = (
				E1656DE62F5D2C8D00F8A597 /* Sources */,
				E1656DE72F5D2C8D00F8A597 /* Frameworks */,
				E1656DE82F5D2C8D00F8A597 /* Resources */,
			);
			buildRules = (
			);
			dependencies = (
				E1656DEC2F5D2C8D00F8A597 /* PBXTargetDependency */,
			);
			fileSystemSynchronizedGroups = (
				E1656DED2F5D2C8D00F8A597 /* CloudProtectTests */,
			);
			name = CloudProtectTests;
			packageProductDependencies = (
			);
			productName = CloudProtectTests;
			productReference = E1656DEA2F5D2C8D00F8A597 /* CloudProtectTests.xctest */;
			productType = "com.apple.product-type.bundle.unit-test";
		};
		E1656DF32F5D2C8D00F8A597 /* CloudProtectUITests */ = {
			isa = PBXNativeTarget;
			buildConfigurationList = E1656E042F5D2C8D00F8A597 /* Build configuration list for PBXNativeTarget "CloudProtectUITests" */;
			buildPhases = (
				E1656DF02F5D2C8D00F8A597 /* Sources */,
				E1656DF12F5D2C8D00F8A597 /* Frameworks */,
				E1656DF22F5D2C8D00F8A597 /* Resources */,
			);
			buildRules = (
			);
			dependencies = (
				E1656DF62F5D2C8D00F8A597 /* PBXTargetDependency */,
			);
			fileSystemSynchronizedGroups = (
				E1656DF72F5D2C8D00F8A597 /* CloudProtectUITests */,
			);
			name = CloudProtectUITests;
			packageProductDependencies = (
			);
			productName = CloudProtectUITests;
			productReference = E1656DF42F5D2C8D00F8A597 /* CloudProtectUITests.xctest */;
			productType = "com.apple.product-type.bundle.ui-testing";
		};
/* End PBXNativeTarget section */

/* Begin PBXProject section */
		E1656DD52F5D2C8B00F8A597 /* Project object */ = {
			isa = PBXProject;
			attributes = {
				BuildIndependentTargetsInParallel = 1;
				LastSwiftUpdateCheck = 2630;
				LastUpgradeCheck = 2630;
				TargetAttributes = {
					E1656DDC2F5D2C8B00F8A597 = {
						CreatedOnToolsVersion = 26.3;
					};
					E1656DE92F5D2C8D00F8A597 = {
						CreatedOnToolsVersion = 26.3;
						TestTargetID = E1656DDC2F5D2C8B00F8A597;
					};
					E1656DF32F5D2C8D00F8A597 = {
						CreatedOnToolsVersion = 26.3;
						TestTargetID = E1656DDC2F5D2C8B00F8A597;
					};
				};
			};
			buildConfigurationList = E1656DD82F5D2C8B00F8A597 /* Build configuration list for PBXProject "CloudProtect" */;
			developmentRegion = en;
			hasScannedForEncodings = 0;
			knownRegions = (
				en,
				Base,
			);
			mainGroup = E1656DD42F5D2C8B00F8A597;
			minimizedProjectReferenceProxies = 1;
			packageReferences = (
				E1656E072F5D2D8400F8A597 /* XCRemoteSwiftPackageReference "CryptoSwift" */,
			);
			preferredProjectObjectVersion = 77;
			productRefGroup = E1656DDE2F5D2C8B00F8A597 /* Products */;
			projectDirPath = "";
			projectRoot = "";
			targets = (
				E1656DDC2F5D2C8B00F8A597 /* CloudProtect */,
				E1656DE92F5D2C8D00F8A597 /* CloudProtectTests */,
				E1656DF32F5D2C8D00F8A597 /* CloudProtectUITests */,
			);
		};
/* End PBXProject section */

/* Begin PBXResourcesBuildPhase section */
		E1656DDB2F5D2C8B00F8A597 /* Resources */ = {
			isa = PBXResourcesBuildPhase;
			buildActionMask = 2147483647;
			files = (
			);
			runOnlyForDeploymentPostprocessing = 0;
		};
		E1656DE82F5D2C8D00F8A597 /* Resources */ = {
			isa = PBXResourcesBuildPhase;
			buildActionMask = 2147483647;
			files = (
			);
			runOnlyForDeploymentPostprocessing = 0;
		};
		E1656DF22F5D2C8D00F8A597 /* Resources */ = {
			isa = PBXResourcesBuildPhase;
			buildActionMask = 2147483647;
			files = (
			);
			runOnlyForDeploymentPostprocessing = 0;
		};
/* End PBXResourcesBuildPhase section */

/* Begin PBXSourcesBuildPhase section */
		E1656DD92F5D2C8B00F8A597 /* Sources */ = {
			isa = PBXSourcesBuildPhase;
			buildActionMask = 2147483647;
			files = (
			);
			runOnlyForDeploymentPostprocessing = 0;
		};
		E1656DE62F5D2C8D00F8A597 /* Sources */ = {
			isa = PBXSourcesBuildPhase;
			buildActionMask = 2147483647;
			files = (
			);
			runOnlyForDeploymentPostprocessing = 0;
		};
		E1656DF02F5D2C8D00F8A597 /* Sources */ = {
			isa = PBXSourcesBuildPhase;
			buildActionMask = 2147483647;
			files = (
			);
			runOnlyForDeploymentPostprocessing = 0;
		};
/* End PBXSourcesBuildPhase section */

/* Begin PBXTargetDependency section */
		E1656DEC2F5D2C8D00F8A597 /* PBXTargetDependency */ = {
			isa = PBXTargetDependency;
			target = E1656DDC2F5D2C8B00F8A597 /* CloudProtect */;
			targetProxy = E1656DEB2F5D2C8D00F8A597 /* PBXContainerItemProxy */;
		};
		E1656DF62F5D2C8D00F8A597 /* PBXTargetDependency */ = {
			isa = PBXTargetDependency;
			target = E1656DDC2F5D2C8B00F8A597 /* CloudProtect */;
			targetProxy = E1656DF52F5D2C8D00F8A597 /* PBXContainerItemProxy */;
		};
/* End PBXTargetDependency section */

/* Begin XCBuildConfiguration section */
		E1656DFC2F5D2C8D00F8A597 /* Debug */ = {
			isa = XCBuildConfiguration;
			buildSettings = {
				ALWAYS_SEARCH_USER_PATHS = NO;
				ASSETCATALOG_COMPILER_GENERATE_SWIFT_ASSET_SYMBOL_EXTENSIONS = YES;
				CLANG_ANALYZER_NONNULL = YES;
				CLANG_ANALYZER_NUMBER_OBJECT_CONVERSION = YES_AGGRESSIVE;
				CLANG_CXX_LANGUAGE_STANDARD = "gnu++20";
				CLANG_ENABLE_MODULES = YES;
				CLANG_ENABLE_OBJC_ARC = YES;
				CLANG_ENABLE_OBJC_WEAK = YES;
				CLANG_WARN_BLOCK_CAPTURE_AUTORELEASING = YES;
				CLANG_WARN_BOOL_CONVERSION = YES;
				CLANG_WARN_COMMA = YES;
				CLANG_WARN_CONSTANT_CONVERSION = YES;
				CLANG_WARN_DEPRECATED_OBJC_IMPLEMENTATIONS = YES;
				CLANG_WARN_DIRECT_OBJC_ISA_USAGE = YES_ERROR;
				CLANG_WARN_DOCUMENTATION_COMMENTS = YES;
				CLANG_WARN_EMPTY_BODY = YES;
				CLANG_WARN_ENUM_CONVERSION = YES;
				CLANG_WARN_INFINITE_RECURSION = YES;
				CLANG_WARN_INT_CONVERSION = YES;
				CLANG_WARN_NON_LITERAL_NULL_CONVERSION = YES;
				CLANG_WARN_OBJC_IMPLICIT_RETAIN_SELF = YES;
				CLANG_WARN_OBJC_LITERAL_CONVERSION = YES;
				CLANG_WARN_OBJC_ROOT_CLASS = YES_ERROR;
				CLANG_WARN_QUOTED_INCLUDE_IN_FRAMEWORK_HEADER = YES;
				CLANG_WARN_RANGE_LOOP_ANALYSIS = YES;
				CLANG_WARN_STRICT_PROTOTYPES = YES;
				CLANG_WARN_SUSPICIOUS_MOVE = YES;
				CLANG_WARN_UNGUARDED_AVAILABILITY = YES_AGGRESSIVE;
				CLANG_WARN_UNREACHABLE_CODE = YES;
				CLANG_WARN__DUPLICATE_METHOD_MATCH = YES;
				COPY_PHASE_STRIP = NO;
				DEBUG_INFORMATION_FORMAT = dwarf;
				DEVELOPMENT_TEAM = 9CBAPYY52Q;
				ENABLE_STRICT_OBJC_MSGSEND = YES;
				ENABLE_TESTABILITY = YES;
				ENABLE_USER_SCRIPT_SANDBOXING = YES;
				GCC_C_LANGUAGE_STANDARD = gnu17;
				GCC_DYNAMIC_NO_PIC = NO;
				GCC_NO_COMMON_BLOCKS = YES;
				GCC_OPTIMIZATION_LEVEL = 0;
				GCC_PREPROCESSOR_DEFINITIONS = (
					"DEBUG=1",
					"$(inherited)",
				);
				GCC_WARN_64_TO_32_BIT_CONVERSION = YES;
				GCC_WARN_ABOUT_RETURN_TYPE = YES_ERROR;
				GCC_WARN_UNDECLARED_SELECTOR = YES;
				GCC_WARN_UNINITIALIZED_AUTOS = YES_AGGRESSIVE;
				GCC_WARN_UNUSED_FUNCTION = YES;
				GCC_WARN_UNUSED_VARIABLE = YES;
				LOCALIZATION_PREFERS_STRING_CATALOGS = YES;
				MACOSX_DEPLOYMENT_TARGET = 26.2;
				MTL_ENABLE_DEBUG_INFO = INCLUDE_SOURCE;
				MTL_FAST_MATH = YES;
				ONLY_ACTIVE_ARCH = YES;
				SDKROOT = macosx;
				SWIFT_ACTIVE_COMPILATION_CONDITIONS = "DEBUG $(inherited)";
				SWIFT_OPTIMIZATION_LEVEL = "-Onone";
			};
			name = Debug;
		};
		E1656DFD2F5D2C8D00F8A597 /* Release */ = {
			isa = XCBuildConfiguration;
			buildSettings = {
				ALWAYS_SEARCH_USER_PATHS = NO;
				ASSETCATALOG_COMPILER_GENERATE_SWIFT_ASSET_SYMBOL_EXTENSIONS = YES;
				CLANG_ANALYZER_NONNULL = YES;
				CLANG_ANALYZER_NUMBER_OBJECT_CONVERSION = YES_AGGRESSIVE;
				CLANG_CXX_LANGUAGE_STANDARD = "gnu++20";
				CLANG_ENABLE_MODULES = YES;
				CLANG_ENABLE_OBJC_ARC = YES;
				CLANG_ENABLE_OBJC_WEAK = YES;
				CLANG_WARN_BLOCK_CAPTURE_AUTORELEASING = YES;
				CLANG_WARN_BOOL_CONVERSION = YES;
				CLANG_WARN_COMMA = YES;
				CLANG_WARN_CONSTANT_CONVERSION = YES;
				CLANG_WARN_DEPRECATED_OBJC_IMPLEMENTATIONS = YES;
				CLANG_WARN_DIRECT_OBJC_ISA_USAGE = YES_ERROR;
				CLANG_WARN_DOCUMENTATION_COMMENTS = YES;
				CLANG_WARN_EMPTY_BODY = YES;
				CLANG_WARN_ENUM_CONVERSION = YES;
				CLANG_WARN_INFINITE_RECURSION = YES;
				CLANG_WARN_INT_CONVERSION = YES;
				CLANG_WARN_NON_LITERAL_NULL_CONVERSION = YES;
				CLANG_WARN_OBJC_IMPLICIT_RETAIN_SELF = YES;
				CLANG_WARN_OBJC_LITERAL_CONVERSION = YES;
				CLANG_WARN_OBJC_ROOT_CLASS = YES_ERROR;
				CLANG_WARN_QUOTED_INCLUDE_IN_FRAMEWORK_HEADER = YES;
				CLANG_WARN_RANGE_LOOP_ANALYSIS = YES;
				CLANG_WARN_STRICT_PROTOTYPES = YES;
				CLANG_WARN_SUSPICIOUS_MOVE = YES;
				CLANG_WARN_UNGUARDED_AVAILABILITY = YES_AGGRESSIVE;
				CLANG_WARN_UNREACHABLE_CODE = YES;
				CLANG_WARN__DUPLICATE_METHOD_MATCH = YES;
				COPY_PHASE_STRIP = NO;
				DEBUG_INFORMATION_FORMAT = "dwarf-with-dsym";
				DEVELOPMENT_TEAM = 9CBAPYY52Q;
				ENABLE_NS_ASSERTIONS = NO;
				ENABLE_STRICT_OBJC_MSGSEND = YES;
				ENABLE_USER_SCRIPT_SANDBOXING = YES;
				GCC_C_LANGUAGE_STANDARD = gnu17;
				GCC_NO_COMMON_BLOCKS = YES;
				GCC_WARN_64_TO_32_BIT_CONVERSION = YES;
				GCC_WARN_ABOUT_RETURN_TYPE = YES_ERROR;
				GCC_WARN_UNDECLARED_SELECTOR = YES;
				GCC_WARN_UNINITIALIZED_AUTOS = YES_AGGRESSIVE;
				GCC_WARN_UNUSED_FUNCTION = YES;
				GCC_WARN_UNUSED_VARIABLE = YES;
				LOCALIZATION_PREFERS_STRING_CATALOGS = YES;
				MACOSX_DEPLOYMENT_TARGET = 26.2;
				MTL_ENABLE_DEBUG_INFO = NO;
				MTL_FAST_MATH = YES;
				SDKROOT = macosx;
				SWIFT_COMPILATION_MODE = wholemodule;
			};
			name = Release;
		};
		E1656DFF2F5D2C8D00F8A597 /* Debug */ = {
			isa = XCBuildConfiguration;
			buildSettings = {
				ASSETCATALOG_COMPILER_APPICON_NAME = AppIcon;
				ASSETCATALOG_COMPILER_GLOBAL_ACCENT_COLOR_NAME = AccentColor;
				CODE_SIGN_STYLE = Automatic;
				COMBINE_HIDPI_IMAGES = YES;
				CURRENT_PROJECT_VERSION = 1;
				DEVELOPMENT_TEAM = 9CBAPYY52Q;
				ENABLE_APP_SANDBOX = YES;
				ENABLE_HARDENED_RUNTIME = YES;
				ENABLE_PREVIEWS = YES;
				ENABLE_USER_SELECTED_FILES = readonly;
				GENERATE_INFOPLIST_FILE = YES;
				INFOPLIST_KEY_NSHumanReadableCopyright = "";
				LD_RUNPATH_SEARCH_PATHS = (
					"$(inherited)",
					"@executable_path/../Frameworks",
				);
				MARKETING_VERSION = 1.0;
				PRODUCT_BUNDLE_IDENTIFIER = com.joshuavarnum.CloudProtect;
				PRODUCT_NAME = "$(TARGET_NAME)";
				REGISTER_APP_GROUPS = YES;
				STRING_CATALOG_GENERATE_SYMBOLS = YES;
				SWIFT_APPROACHABLE_CONCURRENCY = YES;
				SWIFT_DEFAULT_ACTOR_ISOLATION = MainActor;
				SWIFT_EMIT_LOC_STRINGS = YES;
				SWIFT_UPCOMING_FEATURE_MEMBER_IMPORT_VISIBILITY = YES;
				SWIFT_VERSION = 5.0;
			};
			name = Debug;
		};
		E1656E002F5D2C8D00F8A597 /* Release */ = {
			isa = XCBuildConfiguration;
			buildSettings = {
				ASSETCATALOG_COMPILER_APPICON_NAME = AppIcon;
				ASSETCATALOG_COMPILER_GLOBAL_ACCENT_COLOR_NAME = AccentColor;
				CODE_SIGN_STYLE = Automatic;
				COMBINE_HIDPI_IMAGES = YES;
				CURRENT_PROJECT_VERSION = 1;
				DEVELOPMENT_TEAM = 9CBAPYY52Q;
				ENABLE_APP_SANDBOX = YES;
				ENABLE_HARDENED_RUNTIME = YES;
				ENABLE_PREVIEWS = YES;
				ENABLE_USER_SELECTED_FILES = readonly;
				GENERATE_INFOPLIST_FILE = YES;
				INFOPLIST_KEY_NSHumanReadableCopyright = "";
				LD_RUNPATH_SEARCH_PATHS = (
					"$(inherited)",
					"@executable_path/../Frameworks",
				);
				MARKETING_VERSION = 1.0;
				PRODUCT_BUNDLE_IDENTIFIER = com.joshuavarnum.CloudProtect;
				PRODUCT_NAME = "$(TARGET_NAME)";
				REGISTER_APP_GROUPS = YES;
				STRING_CATALOG_GENERATE_SYMBOLS = YES;
				SWIFT_APPROACHABLE_CONCURRENCY = YES;
				SWIFT_DEFAULT_ACTOR_ISOLATION = MainActor;
				SWIFT_EMIT_LOC_STRINGS = YES;
				SWIFT_UPCOMING_FEATURE_MEMBER_IMPORT_VISIBILITY = YES;
				SWIFT_VERSION = 5.0;
			};
			name = Release;
		};
		E1656E022F5D2C8D00F8A597 /* Debug */ = {
			isa = XCBuildConfiguration;
			buildSettings = {
				BUNDLE_LOADER = "$(TEST_HOST)";
				CODE_SIGN_STYLE = Automatic;
				CURRENT_PROJECT_VERSION = 1;
				DEVELOPMENT_TEAM = 9CBAPYY52Q;
				GENERATE_INFOPLIST_FILE = YES;
				MACOSX_DEPLOYMENT_TARGET = 26.2;
				MARKETING_VERSION = 1.0;
				PRODUCT_BUNDLE_IDENTIFIER = com.joshuavarnum.CloudProtectTests;
				PRODUCT_NAME = "$(TARGET_NAME)";
				STRING_CATALOG_GENERATE_SYMBOLS = NO;
				SWIFT_APPROACHABLE_CONCURRENCY = YES;
				SWIFT_EMIT_LOC_STRINGS = NO;
				SWIFT_UPCOMING_FEATURE_MEMBER_IMPORT_VISIBILITY = YES;
				SWIFT_VERSION = 5.0;
				TEST_HOST = "$(BUILT_PRODUCTS_DIR)/CloudProtect.app/$(BUNDLE_EXECUTABLE_FOLDER_PATH)/CloudProtect";
			};
			name = Debug;
		};
		E1656E032F5D2C8D00F8A597 /* Release */ = {
			isa = XCBuildConfiguration;
			buildSettings = {
				BUNDLE_LOADER = "$(TEST_HOST)";
				CODE_SIGN_STYLE = Automatic;
				CURRENT_PROJECT_VERSION = 1;
				DEVELOPMENT_TEAM = 9CBAPYY52Q;
				GENERATE_INFOPLIST_FILE = YES;
				MACOSX_DEPLOYMENT_TARGET = 26.2;
				MARKETING_VERSION = 1.0;
				PRODUCT_BUNDLE_IDENTIFIER = com.joshuavarnum.CloudProtectTests;
				PRODUCT_NAME = "$(TARGET_NAME)";
				STRING_CATALOG_GENERATE_SYMBOLS = NO;
				SWIFT_APPROACHABLE_CONCURRENCY = YES;
				SWIFT_EMIT_LOC_STRINGS = NO;
				SWIFT_UPCOMING_FEATURE_MEMBER_IMPORT_VISIBILITY = YES;
				SWIFT_VERSION = 5.0;
				TEST_HOST = "$(BUILT_PRODUCTS_DIR)/CloudProtect.app/$(BUNDLE_EXECUTABLE_FOLDER_PATH)/CloudProtect";
			};
			name = Release;
		};
		E1656E052F5D2C8D00F8A597 /* Debug */ = {
			isa = XCBuildConfiguration;
			buildSettings = {
				CODE_SIGN_STYLE = Automatic;
				CURRENT_PROJECT_VERSION = 1;
				DEVELOPMENT_TEAM = 9CBAPYY52Q;
				GENERATE_INFOPLIST_FILE = YES;
				MARKETING_VERSION = 1.0;
				PRODUCT_BUNDLE_IDENTIFIER = com.joshuavarnum.CloudProtectUITests;
				PRODUCT_NAME = "$(TARGET_NAME)";
				STRING_CATALOG_GENERATE_SYMBOLS = NO;
				SWIFT_APPROACHABLE_CONCURRENCY = YES;
				SWIFT_EMIT_LOC_STRINGS = NO;
				SWIFT_UPCOMING_FEATURE_MEMBER_IMPORT_VISIBILITY = YES;
				SWIFT_VERSION = 5.0;
				TEST_TARGET_NAME = CloudProtect;
			};
			name = Debug;
		};
		E1656E062F5D2C8D00F8A597 /* Release */ = {
			isa = XCBuildConfiguration;
			buildSettings = {
				CODE_SIGN_STYLE = Automatic;
				CURRENT_PROJECT_VERSION = 1;
				DEVELOPMENT_TEAM = 9CBAPYY52Q;
				GENERATE_INFOPLIST_FILE = YES;
				MARKETING_VERSION = 1.0;
				PRODUCT_BUNDLE_IDENTIFIER = com.joshuavarnum.CloudProtectUITests;
				PRODUCT_NAME = "$(TARGET_NAME)";
				STRING_CATALOG_GENERATE_SYMBOLS = NO;
				SWIFT_APPROACHABLE_CONCURRENCY = YES;
				SWIFT_EMIT_LOC_STRINGS = NO;
				SWIFT_UPCOMING_FEATURE_MEMBER_IMPORT_VISIBILITY = YES;
				SWIFT_VERSION = 5.0;
				TEST_TARGET_NAME = CloudProtect;
			};
			name = Release;
		};
/* End XCBuildConfiguration section */

/* Begin XCConfigurationList section */
		E1656DD82F5D2C8B00F8A597 /* Build configuration list for PBXProject "CloudProtect" */ = {
			isa = XCConfigurationList;
			buildConfigurations = (
				E1656DFC2F5D2C8D00F8A597 /* Debug */,
				E1656DFD2F5D2C8D00F8A597 /* Release */,
			);
			defaultConfigurationIsVisible = 0;
			defaultConfigurationName = Release;
		};
		E1656DFE2F5D2C8D00F8A597 /* Build configuration list for PBXNativeTarget "CloudProtect" */ = {
			isa = XCConfigurationList;
			buildConfigurations = (
				E1656DFF2F5D2C8D00F8A597 /* Debug */,
				E1656E002F5D2C8D00F8A597 /* Release */,
			);
			defaultConfigurationIsVisible = 0;
			defaultConfigurationName = Release;
		};
		E1656E012F5D2C8D00F8A597 /* Build configuration list for PBXNativeTarget "CloudProtectTests" */ = {
			isa = XCConfigurationList;
			buildConfigurations = (
				E1656E022F5D2C8D00F8A597 /* Debug */,
				E1656E032F5D2C8D00F8A597 /* Release */,
			);
			defaultConfigurationIsVisible = 0;
			defaultConfigurationName = Release;
		};
		E1656E042F5D2C8D00F8A597 /* Build configuration list for PBXNativeTarget "CloudProtectUITests" */ = {
			isa = XCConfigurationList;
			buildConfigurations = (
				E1656E052F5D2C8D00F8A597 /* Debug */,
				E1656E062F5D2C8D00F8A597 /* Release */,
			);
			defaultConfigurationIsVisible = 0;
			defaultConfigurationName = Release;
		};
/* End XCConfigurationList section */

/* Begin XCRemoteSwiftPackageReference section */
		E1656E072F5D2D8400F8A597 /* XCRemoteSwiftPackageReference "CryptoSwift" */ = {
			isa = XCRemoteSwiftPackageReference;
			repositoryURL = "https://github.com/krzyzanowskim/CryptoSwift";
			requirement = {
				kind = upToNextMajorVersion;
				minimumVersion = 1.9.0;
			};
		};
/* End XCRemoteSwiftPackageReference section */

/* Begin XCSwiftPackageProductDependency section */
		E1656E082F5D2D8400F8A597 /* CryptoSwift */ = {
			isa = XCSwiftPackageProductDependency;
			package = E1656E072F5D2D8400F8A597 /* XCRemoteSwiftPackageReference "CryptoSwift" */;
			productName = CryptoSwift;
		};
/* End XCSwiftPackageProductDependency section */
	};
	rootObject = E1656DD52F5D2C8B00F8A597 /* Project object */;
}
